
Microsoft Visual Studio Solution File, Format Version 12.00
# Visual Studio Version 17
VisualStudioVersion = 17.2.32630.192
MinimumVisualStudioVersion = 10.0.40219.1
Project("{FAE04EC0-301F-11D3-BF4B-00C04F79EFBC}") = "MyCalc", "MyCalc\MyCalc.csproj", "{44314B69-EDCC-423C-91B9-8A1CB209441D}"
EndProject
Project("{FAE04EC0-301F-11D3-BF4B-00C04F79EFBC}") = "ConsoleApp1", "ConsoleApp1\ConsoleApp1.csproj", "{5D8573A9-A95A-436C-BECF-B29659D825B7}"
EndProject
Global
	GlobalSection(SolutionConfigurationPlatforms) = preSolution
		Debug|Any CPU = Debug|Any CPU
		Release|Any CPU = Release|Any CPU
	EndGlobalSection
	GlobalSection(ProjectConfigurationPlatforms) = postSolution
		{44314B69-EDCC-423C-91B9-8A1CB209441D}.Debug|Any CPU.ActiveCfg = Debug|Any CPU
		{44314B69-EDCC-423C-91B9-8A1CB209441D}.Debug|Any CPU.Build.0 = Debug|Any CPU
		{44314B69-EDCC-423C-91B9-8A1CB209441D}.Release|Any CPU.ActiveCfg = Release|Any CPU
		{44314B69-EDCC-423C-91B9-8A1CB209441D}.Release|Any CPU.Build.0 = Release|Any CPU
		{5D8573A9-A95A-436C-BECF-B29659D825B7}.Debug|Any CPU.ActiveCfg = Debug|Any CPU
		{5D8573A9-A95A-436C-BECF-B29659D825B7}.Debug|Any CPU.Build.0 = Debug|Any CPU
		{5D8573A9-A95A-436C-BECF-B29659D825B7}.Release|Any CPU.ActiveCfg = Release|Any CPU
		{5D8573A9-A95A-436C-BECF-B29659D825B7}.Release|Any CPU.Build.0 = Release|Any CPU
	EndGlobalSection
	GlobalSection(SolutionProperties) = preSolution
		HideSolutionNode = FALSE
	EndGlobalSection
	GlobalSection(ExtensibilityGlobals) = postSolution
		SolutionGuid = {E791522F-ED9E-4459-B579-C5BF26543375}
	EndGlobalSection
EndGlobal
